lockfileVersion: '9.0'

settings:
  autoInstallPeers: true
  excludeLinksFromLockfile: false

importers:

  .:
    devDependencies:
      lefthook:
        specifier: ^1.11.3
        version: 1.13.6

packages:

  lefthook-darwin-arm64@1.13.6:
    resolution: {integrity: sha512-m6Lb77VGc84/Qo21Lhq576pEvcgFCnvloEiP02HbAHcIXD0RTLy9u2yAInrixqZeaz13HYtdDaI7OBYAAdVt8A==}
    cpu: [arm64]
    os: [darwin]

  lefthook-darwin-x64@1.13.6:
    resolution: {integrity: sha512-CoRpdzanu9RK3oXR1vbEJA5LN7iB+c7hP+sONeQJzoOXuq4PNKVtEaN84Gl1BrVtCNLHWFAvCQaZPPiiXSy8qg==}
    cpu: [x64]
    os: [darwin]

  lefthook-freebsd-arm64@1.13.6:
    resolution: {integrity: sha512-X4A7yfvAJ68CoHTqP+XvQzdKbyd935sYy0bQT6Ajz7FL1g7hFiro8dqHSdPdkwei9hs8hXeV7feyTXbYmfjKQQ==}
    cpu: [arm64]
    os: [freebsd]

  lefthook-freebsd-x64@1.13.6:
    resolution: {integrity: sha512-ai2m+Sj2kGdY46USfBrCqLKe9GYhzeq01nuyDYCrdGISePeZ6udOlD1k3lQKJGQCHb0bRz4St0r5nKDSh1x/2A==}
    cpu: [x64]
    os: [freebsd]

  lefthook-linux-arm64@1.13.6:
    resolution: {integrity: sha512-cbo4Wtdq81GTABvikLORJsAWPKAJXE8Q5RXsICFUVznh5PHigS9dFW/4NXywo0+jfFPCT6SYds2zz4tCx6DA0Q==}
    cpu: [arm64]
    os: [linux]

  lefthook-linux-x64@1.13.6:
    resolution: {integrity: sha512-uJl9vjCIIBTBvMZkemxCE+3zrZHlRO7Oc+nZJ+o9Oea3fu+W82jwX7a7clw8jqNfaeBS+8+ZEQgiMHWCloTsGw==}
    cpu: [x64]
    os: [linux]

  lefthook-openbsd-arm64@1.13.6:
    resolution: {integrity: sha512-7r153dxrNRQ9ytRs2PmGKKkYdvZYFPre7My7XToSTiRu5jNCq++++eAKVkoyWPduk97dGIA+YWiEr5Noe0TK2A==}
    cpu: [arm64]
    os: [openbsd]

  lefthook-openbsd-x64@1.13.6:
    resolution: {integrity: sha512-Z+UhLlcg1xrXOidK3aLLpgH7KrwNyWYE3yb7ITYnzJSEV8qXnePtVu8lvMBHs/myzemjBzeIr/U/+ipjclR06g==}
    cpu: [x64]
    os: [openbsd]

  lefthook-windows-arm64@1.13.6:
    resolution: {integrity: sha512-Uxef6qoDxCmUNQwk8eBvddYJKSBFglfwAY9Y9+NnnmiHpWTjjYiObE9gT2mvGVpEgZRJVAatBXc+Ha5oDD/OgQ==}
    cpu: [arm64]
    os: [win32]

  lefthook-windows-x64@1.13.6:
    resolution: {integrity: sha512-mOZoM3FQh3o08M8PQ/b3IYuL5oo36D9ehczIw1dAgp1Ly+Tr4fJ96A+4SEJrQuYeRD4mex9bR7Ps56I73sBSZA==}
    cpu: [x64]
    os: [win32]

  lefthook@1.13.6:
    resolution: {integrity: sha512-ojj4/4IJ29Xn4drd5emqVgilegAPN3Kf0FQM2p/9+lwSTpU+SZ1v4Ig++NF+9MOa99UKY8bElmVrLhnUUNFh5g==}
    hasBin: true

snapshots:

  lefthook-darwin-arm64@1.13.6:
    optional: true

  lefthook-darwin-x64@1.13.6:
    optional: true

  lefthook-freebsd-arm64@1.13.6:
    optional: true

  lefthook-freebsd-x64@1.13.6:
    optional: true

  lefthook-linux-arm64@1.13.6:
    optional: true

  lefthook-linux-x64@1.13.6:
    optional: true

  lefthook-openbsd-arm64@1.13.6:
    optional: true

  lefthook-openbsd-x64@1.13.6:
    optional: true

  lefthook-windows-arm64@1.13.6:
    optional: true

  lefthook-windows-x64@1.13.6:
    optional: true

  lefthook@1.13.6:
    optionalDependencies:
      lefthook-darwin-arm64: 1.13.6
      lefthook-darwin-x64: 1.13.6
      lefthook-freebsd-arm64: 1.13.6
      lefthook-freebsd-x64: 1.13.6
      lefthook-linux-arm64: 1.13.6
      lefthook-linux-x64: 1.13.6
      lefthook-openbsd-arm64: 1.13.6
      lefthook-openbsd-x64: 1.13.6
      lefthook-windows-arm64: 1.13.6
      lefthook-windows-x64: 1.13.6
